
Microsoft Visual Studio Solution File, Format Version 12.00
# Visual Studio Version 17
VisualStudioVersion = 17.1.32228.430
MinimumVisualStudioVersion = 10.0.40219.1
Project("{FAE04EC0-301F-11D3-BF4B-00C04F79EFBC}") = "Genshin++", "Genshin++.csproj", "{2108E3F1-2DAD-4138-9B4A-96263C8FD9A5}"
EndProject
Global
	GlobalSection(SolutionConfigurationPlatforms) = preSolution
		Debug|Any CPU = Debug|Any CPU
		Release|Any CPU = Release|Any CPU
	EndGlobalSection
	GlobalSection(ProjectConfigurationPlatforms) = postSolution
		{2108E3F1-2DAD-4138-9B4A-96263C8FD9A5}.Debug|Any CPU.ActiveCfg = Debug|Any CPU
		{2108E3F1-2DAD-4138-9B4A-96263C8FD9A5}.Debug|Any CPU.Build.0 = Debug|Any CPU
		{2108E3F1-2DAD-4138-9B4A-96263C8FD9A5}.Release|Any CPU.ActiveCfg = Release|Any CPU
		{2108E3F1-2DAD-4138-9B4A-96263C8FD9A5}.Release|Any CPU.Build.0 = Release|Any CPU
	EndGlobalSection
	GlobalSection(SolutionProperties) = preSolution
		HideSolutionNode = FALSE
	EndGlobalSection
	GlobalSection(ExtensibilityGlobals) = postSolution
		SolutionGuid = {24A77F21-971F-499D-9D00-4C8326287FC9}
	EndGlobalSection
EndGlobal
